
Microsoft Visual Studio Solution File, Format Version 12.00
# Visual Studio Version 17
VisualStudioVersion = 17.0.31903.59
MinimumVisualStudioVersion = 10.0.40219.1
Project("{9A19103F-16F7-4668-BE54-9A1E7A4F7556}") = "MinecraftRecipeManager.WasmClient", "WasmClient\MinecraftRecipeManager.WasmClient.csproj", "{DB1D5A43-3476-49E8-ACEA-733126B4B406}"
EndProject
Project("{FAE04EC0-301F-11D3-BF4B-00C04F79EFBC}") = "MinecraftRecipeManager.Data", "Data\MinecraftRecipeManager.Data.csproj", "{FED908DD-C54D-43AA-925E-748E7735096B}"
EndProject
Global
	GlobalSection(SolutionConfigurationPlatforms) = preSolution
		Debug|Any CPU = Debug|Any CPU
		Release|Any CPU = Release|Any CPU
	EndGlobalSection
	GlobalSection(ProjectConfigurationPlatforms) = postSolution
		{DB1D5A43-3476-49E8-ACEA-733126B4B406}.Debug|Any CPU.ActiveCfg = Debug|Any CPU
		{DB1D5A43-3476-49E8-ACEA-733126B4B406}.Debug|Any CPU.Build.0 = Debug|Any CPU
		{DB1D5A43-3476-49E8-ACEA-733126B4B406}.Release|Any CPU.ActiveCfg = Release|Any CPU
		{DB1D5A43-3476-49E8-ACEA-733126B4B406}.Release|Any CPU.Build.0 = Release|Any CPU
		{FED908DD-C54D-43AA-925E-748E7735096B}.Debug|Any CPU.ActiveCfg = Debug|Any CPU
		{FED908DD-C54D-43AA-925E-748E7735096B}.Debug|Any CPU.Build.0 = Debug|Any CPU
		{FED908DD-C54D-43AA-925E-748E7735096B}.Release|Any CPU.ActiveCfg = Release|Any CPU
		{FED908DD-C54D-43AA-925E-748E7735096B}.Release|Any CPU.Build.0 = Release|Any CPU
	EndGlobalSection
	GlobalSection(SolutionProperties) = preSolution
		HideSolutionNode = FALSE
	EndGlobalSection
	GlobalSection(ExtensibilityGlobals) = postSolution
		SolutionGuid = {EE999114-832F-4674-B29D-FD1C057ABCE7}
	EndGlobalSection
EndGlobal
